
Microsoft Visual Studio Solution File, Format Version 12.00
# Visual Studio Version 16
VisualStudioVersion = 16.0.30717.126
MinimumVisualStudioVersion = 10.0.40219.1
Project("{2150E333-8FDC-42A3-9474-1A3956D46DE8}") = "Microservices", "Microservices", "{1C62DD86-E418-4C8D-80D9-2E5AA4357D93}"
EndProject
Project("{2150E333-8FDC-42A3-9474-1A3956D46DE8}") = "Domain", "Domain", "{C56B03F1-1601-44AA-BC7A-67D05636475D}"
EndProject
Project("{2150E333-8FDC-42A3-9474-1A3956D46DE8}") = "Infra.Bus", "Infra.Bus", "{6FFFE7DA-E22D-4EF7-A770-9BB44DA0AB46}"
EndProject
Project("{2150E333-8FDC-42A3-9474-1A3956D46DE8}") = "Infra.IOC", "Infra.IOC", "{8FA15107-7A2D-4469-9F3C-58168C4D1844}"
EndProject
Project("{2150E333-8FDC-42A3-9474-1A3956D46DE8}") = "Presentation", "Presentation", "{D9887DE3-6328-425E-8305-E1928F1CDCFD}"
EndProject
Project("{9A19103F-16F7-4668-BE54-9A1E7A4F7556}") = "MicroRabbit.Domain.Core", "MicroRabbit.Domain.Core\MicroRabbit.Domain.Core.csproj", "{7D50D8C6-ECF0-49B5-BEA9-544DAD747BE8}"
EndProject
Project("{9A19103F-16F7-4668-BE54-9A1E7A4F7556}") = "MicroRabbit.Infra.Bus", "MicroRabbit.Infra.Bus\MicroRabbit.Infra.Bus.csproj", "{60908046-893E-4A68-B79E-F51DD53380F3}"
EndProject
Project("{FAE04EC0-301F-11D3-BF4B-00C04F79EFBC}") = "MicroRabbit.Infra.IOC", "MicroRabbit.Infra.IOC\MicroRabbit.Infra.IOC.csproj", "{CF3CA3D2-9737-4279-AB2F-898F4DF41C6D}"
EndProject
Project("{2150E333-8FDC-42A3-9474-1A3956D46DE8}") = "Banking", "Banking", "{376FDDA4-0EE5-4E72-A496-B9A381956C74}"
EndProject
Project("{2150E333-8FDC-42A3-9474-1A3956D46DE8}") = "API", "API", "{55EFB876-248B-409A-9E0A-598B0802CB56}"
EndProject
Project("{2150E333-8FDC-42A3-9474-1A3956D46DE8}") = "Domain", "Domain", "{DC03BDDF-8FCA-4543-B821-33E330AD559F}"
EndProject
Project("{2150E333-8FDC-42A3-9474-1A3956D46DE8}") = "Application", "Application", "{120473E6-5A9E-46F8-B711-6112437C1474}"
EndProject
Project("{2150E333-8FDC-42A3-9474-1A3956D46DE8}") = "Data", "Data", "{50762635-D88B-4F67-8712-92EFC2C5C90D}"
EndProject
Project("{FAE04EC0-301F-11D3-BF4B-00C04F79EFBC}") = "MicroRabbit.Banking.API", "MicroRabbit.Banking.API\MicroRabbit.Banking.API.csproj", "{B20927AC-031B-46BC-8E81-7B373B5E5221}"
EndProject
Project("{FAE04EC0-301F-11D3-BF4B-00C04F79EFBC}") = "MicroRabbit.Banking.Application", "MicroRabbit.Banking.Application\MicroRabbit.Banking.Application.csproj", "{FC41EE4E-99EE-46B7-B48B-B51E6AB181CD}"
EndProject
Project("{FAE04EC0-301F-11D3-BF4B-00C04F79EFBC}") = "MicroRabbit.Banking.Domain", "MicroRabbit.Banking.Domain\MicroRabbit.Banking.Domain.csproj", "{22103F38-8252-4148-9732-EB528E92AF7E}"
EndProject
Project("{FAE04EC0-301F-11D3-BF4B-00C04F79EFBC}") = "MicroRabbit.Banking.Data", "MicroRabbit.Banking.Data\MicroRabbit.Banking.Data.csproj", "{185FABFB-8F4D-4110-A2E2-79BFB37AAC6D}"
EndProject
Global
	GlobalSection(SolutionConfigurationPlatforms) = preSolution
		Debug|Any CPU = Debug|Any CPU
		Release|Any CPU = Release|Any CPU
	EndGlobalSection
	GlobalSection(ProjectConfigurationPlatforms) = postSolution
		{7D50D8C6-ECF0-49B5-BEA9-544DAD747BE8}.Debug|Any CPU.ActiveCfg = Debug|Any CPU
		{7D50D8C6-ECF0-49B5-BEA9-544DAD747BE8}.Debug|Any CPU.Build.0 = Debug|Any CPU
		{7D50D8C6-ECF0-49B5-BEA9-544DAD747BE8}.Release|Any CPU.ActiveCfg = Release|Any CPU
		{7D50D8C6-ECF0-49B5-BEA9-544DAD747BE8}.Release|Any CPU.Build.0 = Release|Any CPU
		{60908046-893E-4A68-B79E-F51DD53380F3}.Debug|Any CPU.ActiveCfg = Debug|Any CPU
		{60908046-893E-4A68-B79E-F51DD53380F3}.Debug|Any CPU.Build.0 = Debug|Any CPU
		{60908046-893E-4A68-B79E-F51DD53380F3}.Release|Any CPU.ActiveCfg = Release|Any CPU
		{60908046-893E-4A68-B79E-F51DD53380F3}.Release|Any CPU.Build.0 = Release|Any CPU
		{CF3CA3D2-9737-4279-AB2F-898F4DF41C6D}.Debug|Any CPU.ActiveCfg = Debug|Any CPU
		{CF3CA3D2-9737-4279-AB2F-898F4DF41C6D}.Debug|Any CPU.Build.0 = Debug|Any CPU
		{CF3CA3D2-9737-4279-AB2F-898F4DF41C6D}.Release|Any CPU.ActiveCfg = Release|Any CPU
		{CF3CA3D2-9737-4279-AB2F-898F4DF41C6D}.Release|Any CPU.Build.0 = Release|Any CPU
		{B20927AC-031B-46BC-8E81-7B373B5E5221}.Debug|Any CPU.ActiveCfg = Debug|Any CPU
		{B20927AC-031B-46BC-8E81-7B373B5E5221}.Debug|Any CPU.Build.0 = Debug|Any CPU
		{B20927AC-031B-46BC-8E81-7B373B5E5221}.Release|Any CPU.ActiveCfg = Release|Any CPU
		{B20927AC-031B-46BC-8E81-7B373B5E5221}.Release|Any CPU.Build.0 = Release|Any CPU
		{FC41EE4E-99EE-46B7-B48B-B51E6AB181CD}.Debug|Any CPU.ActiveCfg = Debug|Any CPU
		{FC41EE4E-99EE-46B7-B48B-B51E6AB181CD}.Debug|Any CPU.Build.0 = Debug|Any CPU
		{FC41EE4E-99EE-46B7-B48B-B51E6AB181CD}.Release|Any CPU.ActiveCfg = Release|Any CPU
		{FC41EE4E-99EE-46B7-B48B-B51E6AB181CD}.Release|Any CPU.Build.0 = Release|Any CPU
		{22103F38-8252-4148-9732-EB528E92AF7E}.Debug|Any CPU.ActiveCfg = Debug|Any CPU
		{22103F38-8252-4148-9732-EB528E92AF7E}.Debug|Any CPU.Build.0 = Debug|Any CPU
		{22103F38-8252-4148-9732-EB528E92AF7E}.Release|Any CPU.ActiveCfg = Release|Any CPU
		{22103F38-8252-4148-9732-EB528E92AF7E}.Release|Any CPU.Build.0 = Release|Any CPU
		{185FABFB-8F4D-4110-A2E2-79BFB37AAC6D}.Debug|Any CPU.ActiveCfg = Debug|Any CPU
		{185FABFB-8F4D-4110-A2E2-79BFB37AAC6D}.Debug|Any CPU.Build.0 = Debug|Any CPU
		{185FABFB-8F4D-4110-A2E2-79BFB37AAC6D}.Release|Any CPU.ActiveCfg = Release|Any CPU
		{185FABFB-8F4D-4110-A2E2-79BFB37AAC6D}.Release|Any CPU.Build.0 = Release|Any CPU
	EndGlobalSection
	GlobalSection(SolutionProperties) = preSolution
		HideSolutionNode = FALSE
	EndGlobalSection
	GlobalSection(NestedProjects) = preSolution
		{7D50D8C6-ECF0-49B5-BEA9-544DAD747BE8} = {C56B03F1-1601-44AA-BC7A-67D05636475D}
		{60908046-893E-4A68-B79E-F51DD53380F3} = {6FFFE7DA-E22D-4EF7-A770-9BB44DA0AB46}
		{CF3CA3D2-9737-4279-AB2F-898F4DF41C6D} = {8FA15107-7A2D-4469-9F3C-58168C4D1844}
		{376FDDA4-0EE5-4E72-A496-B9A381956C74} = {1C62DD86-E418-4C8D-80D9-2E5AA4357D93}
		{55EFB876-248B-409A-9E0A-598B0802CB56} = {376FDDA4-0EE5-4E72-A496-B9A381956C74}
		{DC03BDDF-8FCA-4543-B821-33E330AD559F} = {376FDDA4-0EE5-4E72-A496-B9A381956C74}
		{120473E6-5A9E-46F8-B711-6112437C1474} = {376FDDA4-0EE5-4E72-A496-B9A381956C74}
		{50762635-D88B-4F67-8712-92EFC2C5C90D} = {376FDDA4-0EE5-4E72-A496-B9A381956C74}
		{B20927AC-031B-46BC-8E81-7B373B5E5221} = {55EFB876-248B-409A-9E0A-598B0802CB56}
		{FC41EE4E-99EE-46B7-B48B-B51E6AB181CD} = {120473E6-5A9E-46F8-B711-6112437C1474}
		{22103F38-8252-4148-9732-EB528E92AF7E} = {DC03BDDF-8FCA-4543-B821-33E330AD559F}
		{185FABFB-8F4D-4110-A2E2-79BFB37AAC6D} = {50762635-D88B-4F67-8712-92EFC2C5C90D}
	EndGlobalSection
	GlobalSection(ExtensibilityGlobals) = postSolution
		SolutionGuid = {31FF42CF-6E29-4BE7-9362-A24D405905BE}
	EndGlobalSection
EndGlobal
