
Microsoft Visual Studio Solution File, Format Version 12.00
# Visual Studio Version 16
VisualStudioVersion = 16.0.30717.126
MinimumVisualStudioVersion = 10.0.40219.1
Project("{2150E333-8FDC-42A3-9474-1A3956D46DE8}") = "Microservices", "Microservices", "{1C62DD86-E418-4C8D-80D9-2E5AA4357D93}"
EndProject
Project("{2150E333-8FDC-42A3-9474-1A3956D46DE8}") = "Domain", "Domain", "{C56B03F1-1601-44AA-BC7A-67D05636475D}"
EndProject
Project("{2150E333-8FDC-42A3-9474-1A3956D46DE8}") = "Infra.Bus", "Infra.Bus", "{6FFFE7DA-E22D-4EF7-A770-9BB44DA0AB46}"
EndProject
Project("{2150E333-8FDC-42A3-9474-1A3956D46DE8}") = "Infra.IOC", "Infra.IOC", "{8FA15107-7A2D-4469-9F3C-58168C4D1844}"
EndProject
Project("{2150E333-8FDC-42A3-9474-1A3956D46DE8}") = "Presentation", "Presentation", "{D9887DE3-6328-425E-8305-E1928F1CDCFD}"
EndProject
Project("{9A19103F-16F7-4668-BE54-9A1E7A4F7556}") = "MicroRabbit.Domain.Core", "MicroRabbit.Domain.Core\MicroRabbit.Domain.Core.csproj", "{7D50D8C6-ECF0-49B5-BEA9-544DAD747BE8}"
EndProject
Project("{FAE04EC0-301F-11D3-BF4B-00C04F79EFBC}") = "MicroRabbit.Infra.Bus", "MicroRabbit.Infra.Bus\MicroRabbit.Infra.Bus.csproj", "{60908046-893E-4A68-B79E-F51DD53380F3}"
EndProject
Global
	GlobalSection(SolutionConfigurationPlatforms) = preSolution
		Debug|Any CPU = Debug|Any CPU
		Release|Any CPU = Release|Any CPU
	EndGlobalSection
	GlobalSection(ProjectConfigurationPlatforms) = postSolution
		{7D50D8C6-ECF0-49B5-BEA9-544DAD747BE8}.Debug|Any CPU.ActiveCfg = Debug|Any CPU
		{7D50D8C6-ECF0-49B5-BEA9-544DAD747BE8}.Debug|Any CPU.Build.0 = Debug|Any CPU
		{7D50D8C6-ECF0-49B5-BEA9-544DAD747BE8}.Release|Any CPU.ActiveCfg = Release|Any CPU
		{7D50D8C6-ECF0-49B5-BEA9-544DAD747BE8}.Release|Any CPU.Build.0 = Release|Any CPU
		{60908046-893E-4A68-B79E-F51DD53380F3}.Debug|Any CPU.ActiveCfg = Debug|Any CPU
		{60908046-893E-4A68-B79E-F51DD53380F3}.Debug|Any CPU.Build.0 = Debug|Any CPU
		{60908046-893E-4A68-B79E-F51DD53380F3}.Release|Any CPU.ActiveCfg = Release|Any CPU
		{60908046-893E-4A68-B79E-F51DD53380F3}.Release|Any CPU.Build.0 = Release|Any CPU
	EndGlobalSection
	GlobalSection(SolutionProperties) = preSolution
		HideSolutionNode = FALSE
	EndGlobalSection
	GlobalSection(NestedProjects) = preSolution
		{7D50D8C6-ECF0-49B5-BEA9-544DAD747BE8} = {C56B03F1-1601-44AA-BC7A-67D05636475D}
		{60908046-893E-4A68-B79E-F51DD53380F3} = {6FFFE7DA-E22D-4EF7-A770-9BB44DA0AB46}
	EndGlobalSection
	GlobalSection(ExtensibilityGlobals) = postSolution
		SolutionGuid = {31FF42CF-6E29-4BE7-9362-A24D405905BE}
	EndGlobalSection
EndGlobal
